
Microsoft Visual Studio Solution File, Format Version 12.00
# Visual Studio 14
VisualStudioVersion = 14.0.24720.0
MinimumVisualStudioVersion = 10.0.40219.1
Project("{8BC9CEB8-8B4A-11D0-8D11-00A0C91BC942}") = "Self1_Bulls_and_Cows", "Self1_Bulls_and_Cows\Self1_Bulls_and_Cows.vcxproj", "{33835779-EA84-4E4B-877F-6995B761531E}"
EndProject
Project("{8BC9CEB8-8B4A-11D0-8D11-00A0C91BC942}") = "Self2_Insertion_Sort", "Self2_Insertion_Sort\Self2_Insertion_Sort.vcxproj", "{DA344D5F-13C2-45E4-898D-C6AD43710DB2}"
EndProject
Project("{8BC9CEB8-8B4A-11D0-8D11-00A0C91BC942}") = "Test_ArrTesting", "ArrTesting\ArrTesting.vcxproj", "{D868F7B0-AE98-45F2-BEBF-0F99789BF5C8}"
EndProject
Global
	GlobalSection(SolutionConfigurationPlatforms) = preSolution
		Debug|x64 = Debug|x64
		Debug|x86 = Debug|x86
		Release|x64 = Release|x64
		Release|x86 = Release|x86
	EndGlobalSection
	GlobalSection(ProjectConfigurationPlatforms) = postSolution
		{33835779-EA84-4E4B-877F-6995B761531E}.Debug|x64.ActiveCfg = Debug|x64
		{33835779-EA84-4E4B-877F-6995B761531E}.Debug|x64.Build.0 = Debug|x64
		{33835779-EA84-4E4B-877F-6995B761531E}.Debug|x86.ActiveCfg = Debug|Win32
		{33835779-EA84-4E4B-877F-6995B761531E}.Debug|x86.Build.0 = Debug|Win32
		{33835779-EA84-4E4B-877F-6995B761531E}.Release|x64.ActiveCfg = Release|x64
		{33835779-EA84-4E4B-877F-6995B761531E}.Release|x64.Build.0 = Release|x64
		{33835779-EA84-4E4B-877F-6995B761531E}.Release|x86.ActiveCfg = Release|Win32
		{33835779-EA84-4E4B-877F-6995B761531E}.Release|x86.Build.0 = Release|Win32
		{DA344D5F-13C2-45E4-898D-C6AD43710DB2}.Debug|x64.ActiveCfg = Debug|x64
		{DA344D5F-13C2-45E4-898D-C6AD43710DB2}.Debug|x64.Build.0 = Debug|x64
		{DA344D5F-13C2-45E4-898D-C6AD43710DB2}.Debug|x86.ActiveCfg = Debug|Win32
		{DA344D5F-13C2-45E4-898D-C6AD43710DB2}.Debug|x86.Build.0 = Debug|Win32
		{DA344D5F-13C2-45E4-898D-C6AD43710DB2}.Release|x64.ActiveCfg = Release|x64
		{DA344D5F-13C2-45E4-898D-C6AD43710DB2}.Release|x64.Build.0 = Release|x64
		{DA344D5F-13C2-45E4-898D-C6AD43710DB2}.Release|x86.ActiveCfg = Release|Win32
		{DA344D5F-13C2-45E4-898D-C6AD43710DB2}.Release|x86.Build.0 = Release|Win32
		{D868F7B0-AE98-45F2-BEBF-0F99789BF5C8}.Debug|x64.ActiveCfg = Debug|x64
		{D868F7B0-AE98-45F2-BEBF-0F99789BF5C8}.Debug|x64.Build.0 = Debug|x64
		{D868F7B0-AE98-45F2-BEBF-0F99789BF5C8}.Debug|x86.ActiveCfg = Debug|Win32
		{D868F7B0-AE98-45F2-BEBF-0F99789BF5C8}.Debug|x86.Build.0 = Debug|Win32
		{D868F7B0-AE98-45F2-BEBF-0F99789BF5C8}.Release|x64.ActiveCfg = Release|x64
		{D868F7B0-AE98-45F2-BEBF-0F99789BF5C8}.Release|x64.Build.0 = Release|x64
		{D868F7B0-AE98-45F2-BEBF-0F99789BF5C8}.Release|x86.ActiveCfg = Release|Win32
		{D868F7B0-AE98-45F2-BEBF-0F99789BF5C8}.Release|x86.Build.0 = Release|Win32
	EndGlobalSection
	GlobalSection(SolutionProperties) = preSolution
		HideSolutionNode = FALSE
	EndGlobalSection
EndGlobal
